
Microsoft Visual Studio Solution File, Format Version 12.00
# Visual Studio Version 16
VisualStudioVersion = 16.0.30621.155
MinimumVisualStudioVersion = 10.0.40219.1
Project("{9A19103F-16F7-4668-BE54-9A1E7A4F7556}") = "CronJobExpressUsing", "src\CronJobExpressUsing.csproj", "{32A08751-D720-4E99-B7D9-53301C54C420}"
EndProject
Global
	GlobalSection(SolutionConfigurationPlatforms) = preSolution
		Debug|Any CPU = Debug|Any CPU
		Release|Any CPU = Release|Any CPU
	EndGlobalSection
	GlobalSection(ProjectConfigurationPlatforms) = postSolution
		{32A08751-D720-4E99-B7D9-53301C54C420}.Debug|Any CPU.ActiveCfg = Debug|Any CPU
		{32A08751-D720-4E99-B7D9-53301C54C420}.Debug|Any CPU.Build.0 = Debug|Any CPU
		{32A08751-D720-4E99-B7D9-53301C54C420}.Release|Any CPU.ActiveCfg = Release|Any CPU
		{32A08751-D720-4E99-B7D9-53301C54C420}.Release|Any CPU.Build.0 = Release|Any CPU
	EndGlobalSection
	GlobalSection(SolutionProperties) = preSolution
		HideSolutionNode = FALSE
	EndGlobalSection
	GlobalSection(ExtensibilityGlobals) = postSolution
		SolutionGuid = {4989B652-5E2D-4F3F-8F0B-EE2D70EF2BD9}
	EndGlobalSection
EndGlobal
